{
  "name": "docs",
  "lockfileVersion": 3,
  "requires": true,
  "packages": {
    "": {
      "name": "docs",
      "dependencies": {
        "@astrojs/mdx": "^4.0.0",
        "@astrojs/react": "^4.0.0",
        "@astrojs/tailwind": "^6.0.0",
        "astro": "^5.0.0",
        "react": "^18.3.0",
        "react-dom": "^18.3.0",
        "virtualized-ui": "^0.2.0"
      },
      "devDependencies": {
        "@tanstack/react-table": "^8.20.0",
        "@types/react": "^18.3.0",
        "@types/react-dom": "^18.3.0",
        "autoprefixer": "^10.4.0",
        "daisyui": "^4.12.0",
        "postcss": "^8.4.0",
        "tailwindcss": "^3.4.0"
      }
    },
    "../node_modules/.pnpm/@astrojs+mdx@4.3.13_astro@5.17.1_@types+node@25.2.0_jiti@1.21.7_rollup@4.57.1_typescript@5.9.3_yaml@2.8.2_/node_modules/@astrojs/mdx": {
      "version": "4.3.13",
      "license": "MIT",
      "dependencies": {
        "@astrojs/markdown-remark": "6.3.10",
        "@mdx-js/mdx": "^3.1.1",
        "acorn": "^8.15.0",
        "es-module-lexer": "^1.7.0",
        "estree-util-visit": "^2.0.0",
        "hast-util-to-html": "^9.0.5",
        "piccolore": "^0.1.3",
        "rehype-raw": "^7.0.0",
        "remark-gfm": "^4.0.1",
        "remark-smartypants": "^3.0.2",
        "source-map": "^0.7.6",
        "unist-util-visit": "^5.0.0",
        "vfile": "^6.0.3"
      },
      "devDependencies": {
        "@types/estree": "^1.0.8",
        "@types/hast": "^3.0.4",
        "@types/mdast": "^4.0.4",
        "astro": "5.16.5",
        "astro-scripts": "0.0.14",
        "cheerio": "1.1.2",
        "linkedom": "^0.18.12",
        "mdast-util-mdx": "^3.0.0",
        "mdast-util-mdx-jsx": "^3.2.0",
        "rehype-mathjax": "^7.1.0",
        "rehype-pretty-code": "^0.14.1",
        "remark-math": "^6.0.0",
        "remark-rehype": "^11.1.2",
        "remark-shiki-twoslash": "^3.1.3",
        "remark-toc": "^9.0.0",
        "shiki": "^3.15.0",
        "unified": "^11.0.5",
        "vite": "^6.4.1"
      },
      "engines": {
        "node": "18.20.8 || ^20.3.0 || >=22.0.0"
      },
      "peerDependencies": {
        "astro": "^5.0.0"
      }
    },
    "../node_modules/.pnpm/@astrojs+react@4.4.2_@types+node@25.2.0_@types+react-dom@18.3.7_@types+react@18.3.27__@types+_6ivse763z7qdx6vq45pkplagsy/node_modules/@astrojs/react": {
      "version": "4.4.2",
      "license": "MIT",
      "dependencies": {
        "@vitejs/plugin-react": "^4.7.0",
        "ultrahtml": "^1.6.0",
        "vite": "^6.4.1"
      },
      "devDependencies": {
        "@types/react": "^18.3.24",
        "@types/react-dom": "^18.3.7",
        "astro": "5.15.4",
        "astro-scripts": "0.0.14",
        "cheerio": "1.1.2",
        "react": "^18.3.1",
        "react-dom": "^18.3.1"
      },
      "engines": {
        "node": "18.20.8 || ^20.3.0 || >=22.0.0"
      },
      "peerDependencies": {
        "@types/react": "^17.0.50 || ^18.0.21 || ^19.0.0",
        "@types/react-dom": "^17.0.17 || ^18.0.6 || ^19.0.0",
        "react": "^17.0.2 || ^18.0.0 || ^19.0.0",
        "react-dom": "^17.0.2 || ^18.0.0 || ^19.0.0"
      }
    },
    "../node_modules/.pnpm/@astrojs+tailwind@6.0.2_astro@5.17.1_@types+node@25.2.0_jiti@1.21.7_rollup@4.57.1_typescript@_ycwmyvzsu3utdobvisx37mulxq/node_modules/@astrojs/tailwind": {
      "version": "6.0.2",
      "license": "MIT",
      "dependencies": {
        "autoprefixer": "^10.4.21",
        "postcss": "^8.5.3",
        "postcss-load-config": "^4.0.2"
      },
      "devDependencies": {
        "astro": "5.5.5",
        "astro-scripts": "0.0.14",
        "tailwindcss": "^3.4.17",
        "vite": "^6.2.3"
      },
      "peerDependencies": {
        "astro": "^3.0.0 || ^4.0.0 || ^5.0.0",
        "tailwindcss": "^3.0.24"
      }
    },
    "../node_modules/.pnpm/@tanstack+react-table@8.21.3_react-dom@18.3.1_react@18.3.1__react@18.3.1/node_modules/@tanstack/react-table": {
      "version": "8.21.3",
      "license": "MIT",
      "dependencies": {
        "@tanstack/table-core": "8.21.3"
      },
      "devDependencies": {
        "@types/react": "^18.3.3",
        "react": "^18.3.1"
      },
      "engines": {
        "node": ">=12"
      },
      "funding": {
        "type": "github",
        "url": "https://github.com/sponsors/tannerlinsley"
      },
      "peerDependencies": {
        "react": ">=16.8",
        "react-dom": ">=16.8"
      }
    },
    "../node_modules/.pnpm/@types+react-dom@18.3.7_@types+react@18.3.27/node_modules/@types/react-dom": {
      "version": "18.3.7",
      "dev": true,
      "license": "MIT",
      "peerDependencies": {
        "@types/react": "^18.0.0"
      }
    },
    "../node_modules/.pnpm/@types+react@18.3.27/node_modules/@types/react": {
      "version": "18.3.27",
      "dev": true,
      "license": "MIT",
      "dependencies": {
        "@types/prop-types": "*",
        "csstype": "^3.2.2"
      }
    },
    "../node_modules/.pnpm/astro@5.17.1_@types+node@25.2.0_jiti@1.21.7_rollup@4.57.1_typescript@5.9.3_yaml@2.8.2/node_modules/astro": {
      "version": "5.17.1",
      "license": "MIT",
      "dependencies": {
        "@astrojs/compiler": "^2.13.0",
        "@astrojs/internal-helpers": "0.7.5",
        "@astrojs/markdown-remark": "6.3.10",
        "@astrojs/telemetry": "3.3.0",
        "@capsizecss/unpack": "^4.0.0",
        "@oslojs/encoding": "^1.1.0",
        "@rollup/pluginutils": "^5.3.0",
        "acorn": "^8.15.0",
        "aria-query": "^5.3.2",
        "axobject-query": "^4.1.0",
        "boxen": "8.0.1",
        "ci-info": "^4.3.1",
        "clsx": "^2.1.1",
        "common-ancestor-path": "^1.0.1",
        "cookie": "^1.1.1",
        "cssesc": "^3.0.0",
        "debug": "^4.4.3",
        "deterministic-object-hash": "^2.0.2",
        "devalue": "^5.6.2",
        "diff": "^8.0.3",
        "dlv": "^1.1.3",
        "dset": "^3.1.4",
        "es-module-lexer": "^1.7.0",
        "esbuild": "^0.25.0",
        "estree-walker": "^3.0.3",
        "flattie": "^1.1.1",
        "fontace": "~0.4.0",
        "github-slugger": "^2.0.0",
        "html-escaper": "3.0.3",
        "http-cache-semantics": "^4.2.0",
        "import-meta-resolve": "^4.2.0",
        "js-yaml": "^4.1.1",
        "magic-string": "^0.30.21",
        "magicast": "^0.5.1",
        "mrmime": "^2.0.1",
        "neotraverse": "^0.6.18",
        "p-limit": "^6.2.0",
        "p-queue": "^8.1.1",
        "package-manager-detector": "^1.6.0",
        "piccolore": "^0.1.3",
        "picomatch": "^4.0.3",
        "prompts": "^2.4.2",
        "rehype": "^13.0.2",
        "semver": "^7.7.3",
        "shiki": "^3.21.0",
        "smol-toml": "^1.6.0",
        "svgo": "^4.0.0",
        "tinyexec": "^1.0.2",
        "tinyglobby": "^0.2.15",
        "tsconfck": "^3.1.6",
        "ultrahtml": "^1.6.0",
        "unifont": "~0.7.3",
        "unist-util-visit": "^5.0.0",
        "unstorage": "^1.17.4",
        "vfile": "^6.0.3",
        "vite": "^6.4.1",
        "vitefu": "^1.1.1",
        "xxhash-wasm": "^1.1.0",
        "yargs-parser": "^21.1.1",
        "yocto-spinner": "^0.2.3",
        "zod": "^3.25.76",
        "zod-to-json-schema": "^3.25.1",
        "zod-to-ts": "^1.2.0"
      },
      "bin": {
        "astro": "astro.js"
      },
      "devDependencies": {
        "@astrojs/check": "0.9.6",
        "@playwright/test": "1.57.0",
        "@types/aria-query": "^5.0.4",
        "@types/common-ancestor-path": "^1.0.2",
        "@types/cssesc": "^3.0.2",
        "@types/debug": "^4.1.12",
        "@types/dlv": "^1.1.5",
        "@types/hast": "^3.0.4",
        "@types/html-escaper": "3.0.4",
        "@types/http-cache-semantics": "^4.0.4",
        "@types/js-yaml": "^4.0.9",
        "@types/picomatch": "^3.0.2",
        "@types/prompts": "^2.4.9",
        "@types/semver": "^7.7.1",
        "@types/yargs-parser": "^21.0.3",
        "astro-scripts": "0.0.14",
        "cheerio": "1.1.2",
        "eol": "^0.10.0",
        "expect-type": "^1.3.0",
        "fs-fixture": "^2.11.0",
        "mdast-util-mdx": "^3.0.0",
        "mdast-util-mdx-jsx": "^3.2.0",
        "node-mocks-http": "^1.17.2",
        "parse-srcset": "^1.0.2",
        "rehype-autolink-headings": "^7.1.0",
        "rehype-slug": "^6.0.0",
        "rehype-toc": "^3.0.2",
        "remark-code-titles": "^0.1.2",
        "rollup": "^4.55.1",
        "sass": "^1.97.2",
        "typescript": "^5.9.3",
        "undici": "^6.23.0",
        "unified": "^11.0.5",
        "vitest": "^3.2.4"
      },
      "engines": {
        "node": "18.20.8 || ^20.3.0 || >=22.0.0",
        "npm": ">=9.6.5",
        "pnpm": ">=7.1.0"
      },
      "funding": {
        "type": "opencollective",
        "url": "https://opencollective.com/astrodotbuild"
      },
      "optionalDependencies": {
        "sharp": "^0.34.0"
      }
    },
    "../node_modules/.pnpm/autoprefixer@10.4.24_postcss@8.5.6/node_modules/autoprefixer": {
      "version": "10.4.24",
      "dev": true,
      "funding": [
        {
          "type": "opencollective",
          "url": "https://opencollective.com/postcss/"
        },
        {
          "type": "tidelift",
          "url": "https://tidelift.com/funding/github/npm/autoprefixer"
        },
        {
          "type": "github",
          "url": "https://github.com/sponsors/ai"
        }
      ],
      "license": "MIT",
      "dependencies": {
        "browserslist": "^4.28.1",
        "caniuse-lite": "^1.0.30001766",
        "fraction.js": "^5.3.4",
        "picocolors": "^1.1.1",
        "postcss-value-parser": "^4.2.0"
      },
      "bin": {
        "autoprefixer": "bin/autoprefixer"
      },
      "engines": {
        "node": "^10 || ^12 || >=14"
      },
      "peerDependencies": {
        "postcss": "^8.1.0"
      }
    },
    "../node_modules/.pnpm/daisyui@4.12.24_postcss@8.5.6/node_modules/daisyui": {
      "version": "4.12.24",
      "dev": true,
      "license": "MIT",
      "dependencies": {
        "css-selector-tokenizer": "^0.8",
        "culori": "^3",
        "picocolors": "^1",
        "postcss-js": "^4"
      },
      "devDependencies": {
        "@biomejs/biome": "^1.9.1",
        "autoprefixer": "10.4.19",
        "commit-and-tag-version": "12.4.1",
        "postcss-cli": "11.0.0",
        "postcss-import": "16.1.0",
        "prejss-cli": "0.3.3",
        "tailwindcss": "3.4.4"
      },
      "engines": {
        "node": ">=16.9.0"
      },
      "funding": {
        "type": "opencollective",
        "url": "https://opencollective.com/daisyui"
      }
    },
    "../node_modules/.pnpm/postcss@8.5.6/node_modules/postcss": {
      "version": "8.5.6",
      "dev": true,
      "funding": [
        {
          "type": "opencollective",
          "url": "https://opencollective.com/postcss/"
        },
        {
          "type": "tidelift",
          "url": "https://tidelift.com/funding/github/npm/postcss"
        },
        {
          "type": "github",
          "url": "https://github.com/sponsors/ai"
        }
      ],
      "license": "MIT",
      "dependencies": {
        "nanoid": "^3.3.11",
        "picocolors": "^1.1.1",
        "source-map-js": "^1.2.1"
      },
      "engines": {
        "node": "^10 || ^12 || >=14"
      }
    },
    "../node_modules/.pnpm/react-dom@18.3.1_react@18.3.1/node_modules/react-dom": {
      "version": "18.3.1",
      "license": "MIT",
      "dependencies": {
        "loose-envify": "^1.1.0",
        "scheduler": "^0.23.2"
      },
      "peerDependencies": {
        "react": "^18.3.1"
      }
    },
    "../node_modules/.pnpm/react@18.3.1/node_modules/react": {
      "version": "18.3.1",
      "license": "MIT",
      "dependencies": {
        "loose-envify": "^1.1.0"
      },
      "engines": {
        "node": ">=0.10.0"
      }
    },
    "../node_modules/.pnpm/tailwindcss@3.4.19_yaml@2.8.2/node_modules/tailwindcss": {
      "version": "3.4.19",
      "dev": true,
      "license": "MIT",
      "dependencies": {
        "@alloc/quick-lru": "^5.2.0",
        "arg": "^5.0.2",
        "chokidar": "^3.6.0",
        "didyoumean": "^1.2.2",
        "dlv": "^1.1.3",
        "fast-glob": "^3.3.2",
        "glob-parent": "^6.0.2",
        "is-glob": "^4.0.3",
        "jiti": "^1.21.7",
        "lilconfig": "^3.1.3",
        "micromatch": "^4.0.8",
        "normalize-path": "^3.0.0",
        "object-hash": "^3.0.0",
        "picocolors": "^1.1.1",
        "postcss": "^8.4.47",
        "postcss-import": "^15.1.0",
        "postcss-js": "^4.0.1",
        "postcss-load-config": "^4.0.2 || ^5.0 || ^6.0",
        "postcss-nested": "^6.2.0",
        "postcss-selector-parser": "^6.1.2",
        "resolve": "^1.22.8",
        "sucrase": "^3.35.0"
      },
      "bin": {
        "tailwind": "lib/cli.js",
        "tailwindcss": "lib/cli.js"
      },
      "devDependencies": {
        "@swc/cli": "0.1.62",
        "@swc/core": "1.3.55",
        "@swc/jest": "0.2.26",
        "@swc/register": "0.1.10",
        "autoprefixer": "^10.4.20",
        "browserslist": "^4.24.0",
        "concurrently": "^8.2.2",
        "cssnano": "^6.1.2",
        "esbuild": "^0.24.0",
        "eslint": "^8.57.1",
        "eslint-config-prettier": "^8.10.0",
        "eslint-plugin-prettier": "^4.2.1",
        "jest": "^29.7.0",
        "jest-diff": "^29.7.0",
        "lightningcss": "1.27.0",
        "prettier": "^2.8.8",
        "rimraf": "^5.0.10",
        "source-map-js": "^1.2.1",
        "turbo": "^1.13.4"
      },
      "engines": {
        "node": ">=14.0.0"
      }
    },
    "node_modules/@astrojs/mdx": {
      "resolved": "../node_modules/.pnpm/@astrojs+mdx@4.3.13_astro@5.17.1_@types+node@25.2.0_jiti@1.21.7_rollup@4.57.1_typescript@5.9.3_yaml@2.8.2_/node_modules/@astrojs/mdx",
      "link": true
    },
    "node_modules/@astrojs/react": {
      "resolved": "../node_modules/.pnpm/@astrojs+react@4.4.2_@types+node@25.2.0_@types+react-dom@18.3.7_@types+react@18.3.27__@types+_6ivse763z7qdx6vq45pkplagsy/node_modules/@astrojs/react",
      "link": true
    },
    "node_modules/@astrojs/tailwind": {
      "resolved": "../node_modules/.pnpm/@astrojs+tailwind@6.0.2_astro@5.17.1_@types+node@25.2.0_jiti@1.21.7_rollup@4.57.1_typescript@_ycwmyvzsu3utdobvisx37mulxq/node_modules/@astrojs/tailwind",
      "link": true
    },
    "node_modules/@tanstack/react-table": {
      "resolved": "../node_modules/.pnpm/@tanstack+react-table@8.21.3_react-dom@18.3.1_react@18.3.1__react@18.3.1/node_modules/@tanstack/react-table",
      "link": true
    },
    "node_modules/@tanstack/react-virtual": {
      "version": "3.13.18",
      "resolved": "https://registry.npmjs.org/@tanstack/react-virtual/-/react-virtual-3.13.18.tgz",
      "integrity": "sha512-dZkhyfahpvlaV0rIKnvQiVoWPyURppl6w4m9IwMDpuIjcJ1sD9YGWrt0wISvgU7ewACXx2Ct46WPgI6qAD4v6A==",
      "license": "MIT",
      "dependencies": {
        "@tanstack/virtual-core": "3.13.18"
      },
      "funding": {
        "type": "github",
        "url": "https://github.com/sponsors/tannerlinsley"
      },
      "peerDependencies": {
        "react": "^16.8.0 || ^17.0.0 || ^18.0.0 || ^19.0.0",
        "react-dom": "^16.8.0 || ^17.0.0 || ^18.0.0 || ^19.0.0"
      }
    },
    "node_modules/@tanstack/virtual-core": {
      "version": "3.13.18",
      "resolved": "https://registry.npmjs.org/@tanstack/virtual-core/-/virtual-core-3.13.18.tgz",
      "integrity": "sha512-Mx86Hqu1k39icq2Zusq+Ey2J6dDWTjDvEv43PJtRCoEYTLyfaPnxIQ6iy7YAOK0NV/qOEmZQ/uCufrppZxTgcg==",
      "license": "MIT",
      "funding": {
        "type": "github",
        "url": "https://github.com/sponsors/tannerlinsley"
      }
    },
    "node_modules/@types/react": {
      "resolved": "../node_modules/.pnpm/@types+react@18.3.27/node_modules/@types/react",
      "link": true
    },
    "node_modules/@types/react-dom": {
      "resolved": "../node_modules/.pnpm/@types+react-dom@18.3.7_@types+react@18.3.27/node_modules/@types/react-dom",
      "link": true
    },
    "node_modules/astro": {
      "resolved": "../node_modules/.pnpm/astro@5.17.1_@types+node@25.2.0_jiti@1.21.7_rollup@4.57.1_typescript@5.9.3_yaml@2.8.2/node_modules/astro",
      "link": true
    },
    "node_modules/autoprefixer": {
      "resolved": "../node_modules/.pnpm/autoprefixer@10.4.24_postcss@8.5.6/node_modules/autoprefixer",
      "link": true
    },
    "node_modules/daisyui": {
      "resolved": "../node_modules/.pnpm/daisyui@4.12.24_postcss@8.5.6/node_modules/daisyui",
      "link": true
    },
    "node_modules/postcss": {
      "resolved": "../node_modules/.pnpm/postcss@8.5.6/node_modules/postcss",
      "link": true
    },
    "node_modules/react": {
      "resolved": "../node_modules/.pnpm/react@18.3.1/node_modules/react",
      "link": true
    },
    "node_modules/react-dom": {
      "resolved": "../node_modules/.pnpm/react-dom@18.3.1_react@18.3.1/node_modules/react-dom",
      "link": true
    },
    "node_modules/tailwindcss": {
      "resolved": "../node_modules/.pnpm/tailwindcss@3.4.19_yaml@2.8.2/node_modules/tailwindcss",
      "link": true
    },
    "node_modules/virtualized-ui": {
      "version": "0.2.0",
      "resolved": "https://registry.npmjs.org/virtualized-ui/-/virtualized-ui-0.2.0.tgz",
      "integrity": "sha512-drQTD0sCHTtvf4JPPziINNa9yYqTLn5mcrwzAqMixrqzq6B7QFxIC6Y0SvXdJ9MQbeX48KKiyhGBFyCKvOuE6w==",
      "license": "MIT",
      "dependencies": {
        "@tanstack/react-table": "^8.20.0",
        "@tanstack/react-virtual": "^3.10.0"
      },
      "peerDependencies": {
        "react": ">=18.0.0",
        "react-dom": ">=18.0.0"
      }
    }
  }
}
